
Microsoft Visual Studio Solution File, Format Version 12.00
# Visual Studio Version 17
VisualStudioVersion = 17.0.31903.59
MinimumVisualStudioVersion = 10.0.40219.1
Project("{2150E333-8FDC-42A3-9474-1A3956D46DE8}") = "src", "src", "{827E0CD3-B72D-47B6-A68D-7590B98EB39B}"
EndProject
Project("{FAE04EC0-301F-11D3-BF4B-00C04F79EFBC}") = "AIConnect4.Core", "src\AIConnect4.Core\AIConnect4.Core.csproj", "{9A8CED3B-7871-4D75-98FA-BA9D848DF169}"
EndProject
Project("{2150E333-8FDC-42A3-9474-1A3956D46DE8}") = "tests", "tests", "{0AB3BF05-4346-4AA6-1389-037BE0695223}"
EndProject
Project("{FAE04EC0-301F-11D3-BF4B-00C04F79EFBC}") = "AIConnect4.Tests", "tests\AIConnect4.Tests\AIConnect4.Tests.csproj", "{5DF2C88E-E35C-43C8-87F7-0F99210E8F2C}"
EndProject
Project("{FAE04EC0-301F-11D3-BF4B-00C04F79EFBC}") = "AIConnect4.App", "src\AIConnect4.App\AIConnect4.App.csproj", "{0BC317C7-6294-4F3D-9D79-9A3B0250BF67}"
EndProject
Global
	GlobalSection(SolutionConfigurationPlatforms) = preSolution
		Debug|Any CPU = Debug|Any CPU
		Debug|x64 = Debug|x64
		Debug|x86 = Debug|x86
		Release|Any CPU = Release|Any CPU
		Release|x64 = Release|x64
		Release|x86 = Release|x86
	EndGlobalSection
	GlobalSection(ProjectConfigurationPlatforms) = postSolution
		{9A8CED3B-7871-4D75-98FA-BA9D848DF169}.Debug|Any CPU.ActiveCfg = Debug|Any CPU
		{9A8CED3B-7871-4D75-98FA-BA9D848DF169}.Debug|Any CPU.Build.0 = Debug|Any CPU
		{9A8CED3B-7871-4D75-98FA-BA9D848DF169}.Debug|x64.ActiveCfg = Debug|Any CPU
		{9A8CED3B-7871-4D75-98FA-BA9D848DF169}.Debug|x64.Build.0 = Debug|Any CPU
		{9A8CED3B-7871-4D75-98FA-BA9D848DF169}.Debug|x86.ActiveCfg = Debug|Any CPU
		{9A8CED3B-7871-4D75-98FA-BA9D848DF169}.Debug|x86.Build.0 = Debug|Any CPU
		{9A8CED3B-7871-4D75-98FA-BA9D848DF169}.Release|Any CPU.ActiveCfg = Release|Any CPU
		{9A8CED3B-7871-4D75-98FA-BA9D848DF169}.Release|Any CPU.Build.0 = Release|Any CPU
		{9A8CED3B-7871-4D75-98FA-BA9D848DF169}.Release|x64.ActiveCfg = Release|Any CPU
		{9A8CED3B-7871-4D75-98FA-BA9D848DF169}.Release|x64.Build.0 = Release|Any CPU
		{9A8CED3B-7871-4D75-98FA-BA9D848DF169}.Release|x86.ActiveCfg = Release|Any CPU
		{9A8CED3B-7871-4D75-98FA-BA9D848DF169}.Release|x86.Build.0 = Release|Any CPU
		{5DF2C88E-E35C-43C8-87F7-0F99210E8F2C}.Debug|Any CPU.ActiveCfg = Debug|Any CPU
		{5DF2C88E-E35C-43C8-87F7-0F99210E8F2C}.Debug|Any CPU.Build.0 = Debug|Any CPU
		{5DF2C88E-E35C-43C8-87F7-0F99210E8F2C}.Debug|x64.ActiveCfg = Debug|Any CPU
		{5DF2C88E-E35C-43C8-87F7-0F99210E8F2C}.Debug|x64.Build.0 = Debug|Any CPU
		{5DF2C88E-E35C-43C8-87F7-0F99210E8F2C}.Debug|x86.ActiveCfg = Debug|Any CPU
		{5DF2C88E-E35C-43C8-87F7-0F99210E8F2C}.Debug|x86.Build.0 = Debug|Any CPU
		{5DF2C88E-E35C-43C8-87F7-0F99210E8F2C}.Release|Any CPU.ActiveCfg = Release|Any CPU
		{5DF2C88E-E35C-43C8-87F7-0F99210E8F2C}.Release|Any CPU.Build.0 = Release|Any CPU
		{5DF2C88E-E35C-43C8-87F7-0F99210E8F2C}.Release|x64.ActiveCfg = Release|Any CPU
		{5DF2C88E-E35C-43C8-87F7-0F99210E8F2C}.Release|x64.Build.0 = Release|Any CPU
		{5DF2C88E-E35C-43C8-87F7-0F99210E8F2C}.Release|x86.ActiveCfg = Release|Any CPU
		{5DF2C88E-E35C-43C8-87F7-0F99210E8F2C}.Release|x86.Build.0 = Release|Any CPU
		{0BC317C7-6294-4F3D-9D79-9A3B0250BF67}.Debug|Any CPU.ActiveCfg = Debug|Any CPU
		{0BC317C7-6294-4F3D-9D79-9A3B0250BF67}.Debug|Any CPU.Build.0 = Debug|Any CPU
		{0BC317C7-6294-4F3D-9D79-9A3B0250BF67}.Debug|x64.ActiveCfg = Debug|Any CPU
		{0BC317C7-6294-4F3D-9D79-9A3B0250BF67}.Debug|x64.Build.0 = Debug|Any CPU
		{0BC317C7-6294-4F3D-9D79-9A3B0250BF67}.Debug|x86.ActiveCfg = Debug|Any CPU
		{0BC317C7-6294-4F3D-9D79-9A3B0250BF67}.Debug|x86.Build.0 = Debug|Any CPU
		{0BC317C7-6294-4F3D-9D79-9A3B0250BF67}.Release|Any CPU.ActiveCfg = Release|Any CPU
		{0BC317C7-6294-4F3D-9D79-9A3B0250BF67}.Release|Any CPU.Build.0 = Release|Any CPU
		{0BC317C7-6294-4F3D-9D79-9A3B0250BF67}.Release|x64.ActiveCfg = Release|Any CPU
		{0BC317C7-6294-4F3D-9D79-9A3B0250BF67}.Release|x64.Build.0 = Release|Any CPU
		{0BC317C7-6294-4F3D-9D79-9A3B0250BF67}.Release|x86.ActiveCfg = Release|Any CPU
		{0BC317C7-6294-4F3D-9D79-9A3B0250BF67}.Release|x86.Build.0 = Release|Any CPU
	EndGlobalSection
	GlobalSection(SolutionProperties) = preSolution
		HideSolutionNode = FALSE
	EndGlobalSection
	GlobalSection(NestedProjects) = preSolution
		{9A8CED3B-7871-4D75-98FA-BA9D848DF169} = {827E0CD3-B72D-47B6-A68D-7590B98EB39B}
		{5DF2C88E-E35C-43C8-87F7-0F99210E8F2C} = {0AB3BF05-4346-4AA6-1389-037BE0695223}
		{0BC317C7-6294-4F3D-9D79-9A3B0250BF67} = {827E0CD3-B72D-47B6-A68D-7590B98EB39B}
	EndGlobalSection
EndGlobal
